
Microsoft Visual Studio Solution File, Format Version 12.00
# Visual Studio Version 16
VisualStudioVersion = 16.0.30621.155
MinimumVisualStudioVersion = 10.0.40219.1
Project("{FAE04EC0-301F-11D3-BF4B-00C04F79EFBC}") = "Calculator", "Calculator\Calculator.csproj", "{06B8884F-437B-4763-A637-F03184FA021D}"
EndProject
Project("{FAE04EC0-301F-11D3-BF4B-00C04F79EFBC}") = "Calculator.Tests", "Calculator.Tests\Calculator.Tests.csproj", "{2E47666E-5BC2-449B-B87E-1450C98175BC}"
EndProject
Global
	GlobalSection(SolutionConfigurationPlatforms) = preSolution
		Debug|Any CPU = Debug|Any CPU
		Release|Any CPU = Release|Any CPU
	EndGlobalSection
	GlobalSection(ProjectConfigurationPlatforms) = postSolution
		{06B8884F-437B-4763-A637-F03184FA021D}.Debug|Any CPU.ActiveCfg = Debug|Any CPU
		{06B8884F-437B-4763-A637-F03184FA021D}.Debug|Any CPU.Build.0 = Debug|Any CPU
		{06B8884F-437B-4763-A637-F03184FA021D}.Release|Any CPU.ActiveCfg = Release|Any CPU
		{06B8884F-437B-4763-A637-F03184FA021D}.Release|Any CPU.Build.0 = Release|Any CPU
		{2E47666E-5BC2-449B-B87E-1450C98175BC}.Debug|Any CPU.ActiveCfg = Debug|Any CPU
		{2E47666E-5BC2-449B-B87E-1450C98175BC}.Debug|Any CPU.Build.0 = Debug|Any CPU
		{2E47666E-5BC2-449B-B87E-1450C98175BC}.Release|Any CPU.ActiveCfg = Release|Any CPU
		{2E47666E-5BC2-449B-B87E-1450C98175BC}.Release|Any CPU.Build.0 = Release|Any CPU
	EndGlobalSection
	GlobalSection(SolutionProperties) = preSolution
		HideSolutionNode = FALSE
	EndGlobalSection
	GlobalSection(ExtensibilityGlobals) = postSolution
		SolutionGuid = {6F761DE3-EBC4-421E-8870-D3A65EBB12FF}
	EndGlobalSection
EndGlobal
